version: 7
platforms:
- name: linux-64
  virtual-packages:
  - __unix=0=0
  - __linux=4.18
  - __glibc=2.28
  - __archspec=0=x86_64
environments:
  default:
    channels:
    - url: https://conda.anaconda.org/conda-forge/
    - url: https://conda.anaconda.org/bioconda/
    packages:
      linux-64:
      - conda: https://conda.anaconda.org/bioconda/linux-64/bwa-0.7.19-h577a1d6_1.tar.bz2
      - conda: https://conda.anaconda.org/bioconda/linux-64/htslib-1.23.1-h633afcb_0.conda
      - conda: https://conda.anaconda.org/bioconda/linux-64/k8-1.2-he8db53b_6.tar.bz2
      - conda: https://conda.anaconda.org/bioconda/linux-64/megahit-1.2.9-haf24da9_8.tar.bz2
      - conda: https://conda.anaconda.org/bioconda/linux-64/minimap2-2.31-h118bc1c_0.conda
      - conda: https://conda.anaconda.org/bioconda/linux-64/prodigal-2.6.3-h577a1d6_11.tar.bz2
      - conda: https://conda.anaconda.org/bioconda/linux-64/samtools-1.23.1-ha83d96e_0.conda
      - conda: https://conda.anaconda.org/conda-forge/linux-64/_openmp_mutex-4.5-20_gnu.conda
      - conda: https://conda.anaconda.org/conda-forge/linux-64/bzip2-1.0.8-hda65f42_9.conda
      - conda: https://conda.anaconda.org/conda-forge/linux-64/c-ares-1.34.6-hb03c661_0.conda
      - conda: https://conda.anaconda.org/conda-forge/linux-64/keyutils-1.6.3-hb9d3cd8_0.conda
      - conda: https://conda.anaconda.org/conda-forge/linux-64/krb5-1.22.2-hbde042b_1.conda
      - conda: https://conda.anaconda.org/conda-forge/linux-64/ld_impl_linux-64-2.45.1-default_hbd61a6d_102.conda
      - conda: https://conda.anaconda.org/conda-forge/linux-64/libcurl-8.20.0-hcf29cc6_0.conda
      - conda: https://conda.anaconda.org/conda-forge/linux-64/libdeflate-1.25-h17f619e_0.conda
      - conda: https://conda.anaconda.org/conda-forge/linux-64/libedit-3.1.20250104-pl5321h7949ede_0.conda
      - conda: https://conda.anaconda.org/conda-forge/linux-64/libev-4.33-hd590300_2.conda
      - conda: https://conda.anaconda.org/conda-forge/linux-64/libexpat-2.8.1-hecca717_1.conda
      - conda: https://conda.anaconda.org/conda-forge/linux-64/libffi-3.5.2-h3435931_0.conda
      - conda: https://conda.anaconda.org/conda-forge/linux-64/libgcc-15.2.0-he0feb66_19.conda
      - conda: https://conda.anaconda.org/conda-forge/linux-64/libgcc-ng-15.2.0-h69a702a_19.conda
      - conda: https://conda.anaconda.org/conda-forge/linux-64/libgomp-15.2.0-he0feb66_19.conda
      - conda: https://conda.anaconda.org/conda-forge/linux-64/liblzma-5.8.3-hb03c661_0.conda
      - conda: https://conda.anaconda.org/conda-forge/linux-64/libmpdec-4.0.0-hb03c661_1.conda
      - conda: https://conda.anaconda.org/conda-forge/linux-64/libnghttp2-1.68.1-h877daf1_0.conda
      - conda: https://conda.anaconda.org/conda-forge/linux-64/libsqlite-3.53.2-h0c1763c_0.conda
      - conda: https://conda.anaconda.org/conda-forge/linux-64/libssh2-1.11.1-hcf80075_0.conda
      - conda: https://conda.anaconda.org/conda-forge/linux-64/libstdcxx-15.2.0-h934c35e_19.conda
      - conda: https://conda.anaconda.org/conda-forge/linux-64/libuuid-2.42.2-h5347b49_0.conda
      - conda: https://conda.anaconda.org/conda-forge/linux-64/libxcrypt-4.4.36-hd590300_1.conda
      - conda: https://conda.anaconda.org/conda-forge/linux-64/libzlib-1.3.2-h25fd6f3_2.conda
      - conda: https://conda.anaconda.org/conda-forge/linux-64/ncurses-6.6-hdb14827_0.conda
      - conda: https://conda.anaconda.org/conda-forge/linux-64/openssl-3.6.3-h35e630c_0.conda
      - conda: https://conda.anaconda.org/conda-forge/linux-64/perl-5.32.1-7_hd590300_perl5.conda
      - conda: https://conda.anaconda.org/conda-forge/linux-64/python-3.14.6-habeac84_100_cp314.conda
      - conda: https://conda.anaconda.org/conda-forge/linux-64/readline-8.3-h853b02a_0.conda
      - conda: https://conda.anaconda.org/conda-forge/linux-64/tk-8.6.13-noxft_h366c992_103.conda
      - conda: https://conda.anaconda.org/conda-forge/linux-64/zstd-1.5.7-hb78ec9c_6.conda
      - conda: https://conda.anaconda.org/conda-forge/noarch/ca-certificates-2026.6.17-hbd8a1cb_0.conda
      - conda: https://conda.anaconda.org/conda-forge/noarch/kernel-headers_linux-64-4.18.0-he073ed8_9.conda
      - conda: https://conda.anaconda.org/conda-forge/noarch/python_abi-3.14-8_cp314.conda
      - conda: https://conda.anaconda.org/conda-forge/noarch/sysroot_linux-64-2.28-h4ee821c_9.conda
      - conda: https://conda.anaconda.org/conda-forge/noarch/tzdata-2025c-hc9c84f9_1.conda
packages:
- conda: https://conda.anaconda.org/bioconda/linux-64/bwa-0.7.19-h577a1d6_1.tar.bz2
  sha256: 6914985666bd9527a86a103251cd0e29667f0857b7fe0a47c55b389e3a3b37be
  md5: 2c484db6388422f7c2d44d8bcc82f047
  depends:
  - libgcc >=13
  - libzlib >=1.3.1,<2.0a0
  - perl
  license: GPL-3.0-or-later
  license_family: GPL3
  size: 654258
  timestamp: 1747108676418
- conda: https://conda.anaconda.org/bioconda/linux-64/htslib-1.23.1-h633afcb_0.conda
  sha256: d0977efb1885c9f00ca76ee13e7c0f9a8936bf271eec25ffa78606cd816a13c9
  md5: 209caa9e4ff0b9ed02dd09c3161917e5
  depends:
  - bzip2 >=1.0.8,<2.0a0
  - libcurl >=8.19.0,<9.0a0
  - libdeflate >=1.25,<1.26.0a0
  - libgcc >=14
  - liblzma >=5.8.2,<6.0a0
  - libzlib >=1.3.1,<2.0a0
  - openssl >=3.5.5,<4.0a0
  license: MIT
  license_family: MIT
  size: 1195461
  timestamp: 1773854995668
- conda: https://conda.anaconda.org/bioconda/linux-64/k8-1.2-he8db53b_6.tar.bz2
  sha256: 35143205ef4684f417f047c649aea110e0ceb1d6891001511dbceb2dea08be3d
  md5: 6c44663f234185cc54d7a90c4d7a555a
  depends:
  - __glibc >=2.17,<3.0.a0
  - libgcc >=13
  - libstdcxx >=13
  - libzlib >=1.3.1,<2.0a0
  - sysroot_linux-64 >=2.17
  license: MIT
  license_family: MIT
  size: 7535090
  timestamp: 1748942479223
- conda: https://conda.anaconda.org/bioconda/linux-64/megahit-1.2.9-haf24da9_8.tar.bz2
  sha256: d1e5c9a86384ace9d3d8065313f79564a7c7095451a802a0bc4276966695c201
  md5: 234d1e3b4f096b5bec1e8ba0555acc5f
  depends:
  - _openmp_mutex >=4.5
  - bzip2 >=1.0.8,<2.0a0
  - libgcc >=13
  - libgomp
  - libstdcxx >=13
  - libzlib >=1.3.1,<2.0a0
  - python
  license: GPL-3.0-or-later
  license_family: GPL3
  size: 3302510
  timestamp: 1754860689843
- conda: https://conda.anaconda.org/bioconda/linux-64/minimap2-2.31-h118bc1c_0.conda
  sha256: 344fe7b5328ff635dc2b8914b05e003053e136446e456b81e1b4b5fca1a9cedd
  md5: 9134876c84df5b48841bfe743cfd7b67
  depends:
  - __glibc >=2.17,<3.0.a0
  - k8
  - libgcc >=14
  - libzlib >=1.3.2,<2.0a0
  license: MIT
  license_family: MIT
  size: 1041274
  timestamp: 1779234363154
- conda: https://conda.anaconda.org/bioconda/linux-64/prodigal-2.6.3-h577a1d6_11.tar.bz2
  sha256: 1211d9f01128f141154cb4616aa5b15890afc26699767886f6655cabfd67ec06
  md5: 7b083f573760cbd88a206e05f73f5e9d
  depends:
  - libgcc >=13
  - libzlib >=1.3.1,<2.0a0
  license: GPL-3.0-or-later
  license_family: GPL3
  size: 601984
  timestamp: 1752712731224
- conda: https://conda.anaconda.org/bioconda/linux-64/samtools-1.23.1-ha83d96e_0.conda
  sha256: 2cb721907a2df7c54580298d655ae7587dbed593bd5536fa8ef4a22c9ae2a496
  md5: 89624fbd17c069abcbc8b19b96d497a0
  depends:
  - htslib >=1.23.1,<1.24.0a0
  - libgcc >=14
  - libzlib >=1.3.1,<2.0a0
  - ncurses >=6.5,<7.0a0
  license: MIT
  size: 489995
  timestamp: 1773861794171
- conda: https://conda.anaconda.org/conda-forge/linux-64/_openmp_mutex-4.5-20_gnu.conda
  build_number: 20
  sha256: 1dd3fffd892081df9726d7eb7e0dea6198962ba775bd88842135a4ddb4deb3c9
  md5: a9f577daf3de00bca7c3c76c0ecbd1de
  depends:
  - __glibc >=2.17,<3.0.a0
  - libgomp >=7.5.0
  constrains:
  - openmp_impl <0.0a0
  license: BSD-3-Clause
  license_family: BSD
  size: 28948
  timestamp: 1770939786096
- conda: https://conda.anaconda.org/conda-forge/linux-64/bzip2-1.0.8-hda65f42_9.conda
  sha256: 0b75d45f0bba3e95dc693336fa51f40ea28c980131fec438afb7ce6118ed05f6
  md5: d2ffd7602c02f2b316fd921d39876885
  depends:
  - __glibc >=2.17,<3.0.a0
  - libgcc >=14
  license: bzip2-1.0.6
  license_family: BSD
  size: 260182
  timestamp: 1771350215188
- conda: https://conda.anaconda.org/conda-forge/linux-64/c-ares-1.34.6-hb03c661_0.conda
  sha256: cc9accf72fa028d31c2a038460787751127317dcfa991f8d1f1babf216bb454e
  md5: 920bb03579f15389b9e512095ad995b7
  depends:
  - __glibc >=2.17,<3.0.a0
  - libgcc >=14
  license: MIT
  license_family: MIT
  size: 207882
  timestamp: 1765214722852
- conda: https://conda.anaconda.org/conda-forge/linux-64/keyutils-1.6.3-hb9d3cd8_0.conda
  sha256: 0960d06048a7185d3542d850986d807c6e37ca2e644342dd0c72feefcf26c2a4
  md5: b38117a3c920364aff79f870c984b4a3
  depends:
  - __glibc >=2.17,<3.0.a0
  - libgcc >=13
  license: LGPL-2.1-or-later
  size: 134088
  timestamp: 1754905959823
- conda: https://conda.anaconda.org/conda-forge/linux-64/krb5-1.22.2-hbde042b_1.conda
  sha256: 9b07046870772f28740e3f6149f09ff222843733087a33c5540b169c6289652d
  md5: 54157a1c8c0bb70f62dd0b17fba7e7f2
  depends:
  - __glibc >=2.17,<3.0.a0
  - keyutils >=1.6.3,<2.0a0
  - libedit >=3.1.20250104,<3.2.0a0
  - libedit >=3.1.20250104,<4.0a0
  - libgcc >=14
  - libstdcxx >=14
  - openssl >=3.5.7,<4.0a0
  license: MIT
  license_family: MIT
  size: 1388990
  timestamp: 1781859420533
- conda: https://conda.anaconda.org/conda-forge/linux-64/ld_impl_linux-64-2.45.1-default_hbd61a6d_102.conda
  sha256: 3d584956604909ff5df353767f3a2a2f60e07d070b328d109f30ac40cd62df6c
  md5: 18335a698559cdbcd86150a48bf54ba6
  depends:
  - __glibc >=2.17,<3.0.a0
  - zstd >=1.5.7,<1.6.0a0
  constrains:
  - binutils_impl_linux-64 2.45.1
  license: GPL-3.0-only
  license_family: GPL
  size: 728002
  timestamp: 1774197446916
- conda: https://conda.anaconda.org/conda-forge/linux-64/libcurl-8.20.0-hcf29cc6_0.conda
  sha256: 75963a5dd913311f59a35dbd307592f4fa754c4808aff9c33edb430c415e38eb
  md5: c3cc2864f82a944bc90a7beb4d3b0e88
  depends:
  - __glibc >=2.17,<3.0.a0
  - krb5 >=1.22.2,<1.23.0a0
  - libgcc >=14
  - libnghttp2 >=1.68.1,<2.0a0
  - libssh2 >=1.11.1,<2.0a0
  - libzlib >=1.3.2,<2.0a0
  - openssl >=3.5.6,<4.0a0
  - zstd >=1.5.7,<1.6.0a0
  license: curl
  license_family: MIT
  size: 468706
  timestamp: 1777461492876
- conda: https://conda.anaconda.org/conda-forge/linux-64/libdeflate-1.25-h17f619e_0.conda
  sha256: aa8e8c4be9a2e81610ddf574e05b64ee131fab5e0e3693210c9d6d2fba32c680
  md5: 6c77a605a7a689d17d4819c0f8ac9a00
  depends:
  - __glibc >=2.17,<3.0.a0
  - libgcc >=14
  license: MIT
  license_family: MIT
  size: 73490
  timestamp: 1761979956660
- conda: https://conda.anaconda.org/conda-forge/linux-64/libedit-3.1.20250104-pl5321h7949ede_0.conda
  sha256: d789471216e7aba3c184cd054ed61ce3f6dac6f87a50ec69291b9297f8c18724
  md5: c277e0a4d549b03ac1e9d6cbbe3d017b
  depends:
  - ncurses
  - __glibc >=2.17,<3.0.a0
  - libgcc >=13
  - ncurses >=6.5,<7.0a0
  license: BSD-2-Clause
  license_family: BSD
  size: 134676
  timestamp: 1738479519902
- conda: https://conda.anaconda.org/conda-forge/linux-64/libev-4.33-hd590300_2.conda
  sha256: 1cd6048169fa0395af74ed5d8f1716e22c19a81a8a36f934c110ca3ad4dd27b4
  md5: 172bf1cd1ff8629f2b1179945ed45055
  depends:
  - libgcc-ng >=12
  license: BSD-2-Clause
  license_family: BSD
  size: 112766
  timestamp: 1702146165126
- conda: https://conda.anaconda.org/conda-forge/linux-64/libexpat-2.8.1-hecca717_1.conda
  sha256: 16feffd9ddbbe5b718515d38ee376c685ba95491cd901244e24671d20b952a77
  md5: b24d3c612f71e7aa74158d92106318b2
  depends:
  - __glibc >=2.17,<3.0.a0
  - libgcc >=14
  constrains:
  - expat 2.8.1.*
  license: MIT
  license_family: MIT
  size: 77856
  timestamp: 1781203599810
- conda: https://conda.anaconda.org/conda-forge/linux-64/libffi-3.5.2-h3435931_0.conda
  sha256: 31f19b6a88ce40ebc0d5a992c131f57d919f73c0b92cd1617a5bec83f6e961e6
  md5: a360c33a5abe61c07959e449fa1453eb
  depends:
  - __glibc >=2.17,<3.0.a0
  - libgcc >=14
  license: MIT
  license_family: MIT
  size: 58592
  timestamp: 1769456073053
- conda: https://conda.anaconda.org/conda-forge/linux-64/libgcc-15.2.0-he0feb66_19.conda
  sha256: 8e0a3b5e41272e5678499b5dfc4cddb673f9e935de01eb0767ce857001229f46
  md5: 57736f29cc2b0ec0b6c2952d3f101b6a
  depends:
  - __glibc >=2.17,<3.0.a0
  - _openmp_mutex >=4.5
  constrains:
  - libgcc-ng ==15.2.0=*_19
  - libgomp 15.2.0 he0feb66_19
  license: GPL-3.0-only WITH GCC-exception-3.1
  license_family: GPL
  size: 1041084
  timestamp: 1778269013026
- conda: https://conda.anaconda.org/conda-forge/linux-64/libgcc-ng-15.2.0-h69a702a_19.conda
  sha256: 9dcf54adfaa5e861123c2da4f2f0451a685464ea7e5a41ad91cf67b31d658d98
  md5: 331ee9b72b9dff570d56b1302c5ab37d
  depends:
  - libgcc 15.2.0 he0feb66_19
  license: GPL-3.0-only WITH GCC-exception-3.1
  license_family: GPL
  size: 27694
  timestamp: 1778269016987
- conda: https://conda.anaconda.org/conda-forge/linux-64/libgomp-15.2.0-he0feb66_19.conda
  sha256: 5abe4ab9d93f6c9757d654f1969ae2267d4505315c1f2f8fe705fd60af084f1b
  md5: faac990cb7aedc7f3a2224f2c9b0c26c
  depends:
  - __glibc >=2.17,<3.0.a0
  license: GPL-3.0-only WITH GCC-exception-3.1
  license_family: GPL
  size: 603817
  timestamp: 1778268942614
- conda: https://conda.anaconda.org/conda-forge/linux-64/liblzma-5.8.3-hb03c661_0.conda
  sha256: ec30e52a3c1bf7d0425380a189d209a52baa03f22fb66dd3eb587acaa765bd6d
  md5: b88d90cad08e6bc8ad540cb310a761fb
  depends:
  - __glibc >=2.17,<3.0.a0
  - libgcc >=14
  constrains:
  - xz 5.8.3.*
  license: 0BSD
  size: 113478
  timestamp: 1775825492909
- conda: https://conda.anaconda.org/conda-forge/linux-64/libmpdec-4.0.0-hb03c661_1.conda
  sha256: fe171ed5cf5959993d43ff72de7596e8ac2853e9021dec0344e583734f1e0843
  md5: 2c21e66f50753a083cbe6b80f38268fa
  depends:
  - __glibc >=2.17,<3.0.a0
  - libgcc >=14
  license: BSD-2-Clause
  license_family: BSD
  size: 92400
  timestamp: 1769482286018
- conda: https://conda.anaconda.org/conda-forge/linux-64/libnghttp2-1.68.1-h877daf1_0.conda
  sha256: 663444d77a42f2265f54fb8b48c5450bfff4388d9c0f8253dd7855f0d993153f
  md5: 2a45e7f8af083626f009645a6481f12d
  depends:
  - __glibc >=2.17,<3.0.a0
  - c-ares >=1.34.6,<2.0a0
  - libev >=4.33,<4.34.0a0
  - libev >=4.33,<5.0a0
  - libgcc >=14
  - libstdcxx >=14
  - libzlib >=1.3.1,<2.0a0
  - openssl >=3.5.5,<4.0a0
  license: MIT
  license_family: MIT
  size: 663344
  timestamp: 1773854035739
- conda: https://conda.anaconda.org/conda-forge/linux-64/libsqlite-3.53.2-h0c1763c_0.conda
  sha256: 1ab603b6ec93933e76027e1f23b21b22b858ba1b56f1e1695ef6fe5e80cb7358
  md5: 062b0ac602fb0adf250e3dfa86f221c4
  depends:
  - __glibc >=2.17,<3.0.a0
  - libgcc >=14
  - libzlib >=1.3.2,<2.0a0
  license: blessing
  size: 957849
  timestamp: 1780574429573
- conda: https://conda.anaconda.org/conda-forge/linux-64/libssh2-1.11.1-hcf80075_0.conda
  sha256: fa39bfd69228a13e553bd24601332b7cfeb30ca11a3ca50bb028108fe90a7661
  md5: eecce068c7e4eddeb169591baac20ac4
  depends:
  - __glibc >=2.17,<3.0.a0
  - libgcc >=13
  - libzlib >=1.3.1,<2.0a0
  - openssl >=3.5.0,<4.0a0
  license: BSD-3-Clause
  license_family: BSD
  size: 304790
  timestamp: 1745608545575
- conda: https://conda.anaconda.org/conda-forge/linux-64/libstdcxx-15.2.0-h934c35e_19.conda
  sha256: dff1058c76ec6b8759e41cefa2508162d00e4a5e6721aa68ec3fd10094e702dc
  md5: 5794b3bdc38177caf969dabd3af08549
  depends:
  - __glibc >=2.17,<3.0.a0
  - libgcc 15.2.0 he0feb66_19
  constrains:
  - libstdcxx-ng ==15.2.0=*_19
  license: GPL-3.0-only WITH GCC-exception-3.1
  license_family: GPL
  size: 5852044
  timestamp: 1778269036376
- conda: https://conda.anaconda.org/conda-forge/linux-64/libuuid-2.42.2-h5347b49_0.conda
  sha256: 9b1bdce27a7e31f7d241aeecff67a1f3101d52a2b1e33ccc2cdf2613072bf81f
  md5: 01bb81d12c957de066ea7362007df642
  depends:
  - libgcc >=14
  - __glibc >=2.17,<3.0.a0
  license: BSD-3-Clause
  license_family: BSD
  size: 40017
  timestamp: 1781625522462
- conda: https://conda.anaconda.org/conda-forge/linux-64/libxcrypt-4.4.36-hd590300_1.conda
  sha256: 6ae68e0b86423ef188196fff6207ed0c8195dd84273cb5623b85aa08033a410c
  md5: 5aa797f8787fe7a17d1b0821485b5adc
  depends:
  - libgcc-ng >=12
  license: LGPL-2.1-or-later
  size: 100393
  timestamp: 1702724383534
- conda: https://conda.anaconda.org/conda-forge/linux-64/libzlib-1.3.2-h25fd6f3_2.conda
  sha256: 55044c403570f0dc26e6364de4dc5368e5f3fc7ff103e867c487e2b5ab2bcda9
  md5: d87ff7921124eccd67248aa483c23fec
  depends:
  - __glibc >=2.17,<3.0.a0
  constrains:
  - zlib 1.3.2 *_2
  license: Zlib
  license_family: Other
  size: 63629
  timestamp: 1774072609062
- conda: https://conda.anaconda.org/conda-forge/linux-64/ncurses-6.6-hdb14827_0.conda
  sha256: fc89f74bbe362fb29fa3c037697a89bec140b346a2469a90f7936d1d7ea4d8a3
  md5: fc21868a1a5aacc937e7a18747acb8a5
  depends:
  - __glibc >=2.17,<3.0.a0
  - libgcc >=14
  license: X11 AND BSD-3-Clause
  size: 918956
  timestamp: 1777422145199
- conda: https://conda.anaconda.org/conda-forge/linux-64/openssl-3.6.3-h35e630c_0.conda
  sha256: d48f5c22b9897c01e4dff3680f1f57ceb02711ab9c62f74339b080419dfad34b
  md5: 79dd2074b5cd5c5c6b2930514a11e22d
  depends:
  - __glibc >=2.17,<3.0.a0
  - ca-certificates
  - libgcc >=14
  license: Apache-2.0
  license_family: Apache
  size: 3159683
  timestamp: 1781069855778
- conda: https://conda.anaconda.org/conda-forge/linux-64/perl-5.32.1-7_hd590300_perl5.conda
  build_number: 7
  sha256: 9ec32b6936b0e37bcb0ed34f22ec3116e75b3c0964f9f50ecea5f58734ed6ce9
  md5: f2cfec9406850991f4e3d960cc9e3321
  depends:
  - libgcc-ng >=12
  - libxcrypt >=4.4.36
  license: GPL-1.0-or-later OR Artistic-1.0-Perl
  size: 13344463
  timestamp: 1703310653947
- conda: https://conda.anaconda.org/conda-forge/linux-64/python-3.14.6-habeac84_100_cp314.conda
  build_number: 100
  sha256: 6d28ac2b061179deb434d3d57afa98ffd20ec3c5d44ab8048a1ca33424b22d38
  md5: 0b9b2f83b5b600e1ac38becde8d0dd44
  depends:
  - __glibc >=2.17,<3.0.a0
  - bzip2 >=1.0.8,<2.0a0
  - ld_impl_linux-64 >=2.36.1
  - libexpat >=2.8.1,<3.0a0
  - libffi >=3.5.2,<3.6.0a0
  - libgcc >=14
  - liblzma >=5.8.3,<6.0a0
  - libmpdec >=4.0.0,<5.0a0
  - libsqlite >=3.53.2,<4.0a0
  - libuuid >=2.42.1,<3.0a0
  - libzlib >=1.3.2,<2.0a0
  - ncurses >=6.6,<7.0a0
  - openssl >=3.5.7,<4.0a0
  - python_abi 3.14.* *_cp314
  - readline >=8.3,<9.0a0
  - tk >=8.6.13,<8.7.0a0
  - tzdata
  - zstd >=1.5.7,<1.6.0a0
  license: Python-2.0
  size: 36717183
  timestamp: 1781255094700
  python_site_packages_path: lib/python3.14/site-packages
- conda: https://conda.anaconda.org/conda-forge/linux-64/readline-8.3-h853b02a_0.conda
  sha256: 12ffde5a6f958e285aa22c191ca01bbd3d6e710aa852e00618fa6ddc59149002
  md5: d7d95fc8287ea7bf33e0e7116d2b95ec
  depends:
  - __glibc >=2.17,<3.0.a0
  - libgcc >=14
  - ncurses >=6.5,<7.0a0
  license: GPL-3.0-only
  license_family: GPL
  size: 345073
  timestamp: 1765813471974
- conda: https://conda.anaconda.org/conda-forge/linux-64/tk-8.6.13-noxft_h366c992_103.conda
  sha256: cafeec44494f842ffeca27e9c8b0c27ed714f93ac77ddadc6aaf726b5554ebac
  md5: cffd3bdd58090148f4cfcd831f4b26ab
  depends:
  - __glibc >=2.17,<3.0.a0
  - libgcc >=14
  - libzlib >=1.3.1,<2.0a0
  constrains:
  - xorg-libx11 >=1.8.12,<2.0a0
  license: TCL
  license_family: BSD
  size: 3301196
  timestamp: 1769460227866
- conda: https://conda.anaconda.org/conda-forge/linux-64/zstd-1.5.7-hb78ec9c_6.conda
  sha256: 68f0206ca6e98fea941e5717cec780ed2873ffabc0e1ed34428c061e2c6268c7
  md5: 4a13eeac0b5c8e5b8ab496e6c4ddd829
  depends:
  - __glibc >=2.17,<3.0.a0
  - libzlib >=1.3.1,<2.0a0
  license: BSD-3-Clause
  license_family: BSD
  size: 601375
  timestamp: 1764777111296
- conda: https://conda.anaconda.org/conda-forge/noarch/ca-certificates-2026.6.17-hbd8a1cb_0.conda
  sha256: f8e3c730fa14ee3f170493779f06522c4acf89169f43db4f039727709b6419cf
  md5: a9965dd99f683c5f444428f896635716
  depends:
  - __unix
  license: ISC
  size: 128866
  timestamp: 1781708962055
- conda: https://conda.anaconda.org/conda-forge/noarch/kernel-headers_linux-64-4.18.0-he073ed8_9.conda
  sha256: 41557eeadf641de6aeae49486cef30d02a6912d8da98585d687894afd65b356a
  md5: 86d9cba083cd041bfbf242a01a7a1999
  constrains:
  - sysroot_linux-64 ==2.28
  license: LGPL-2.0-or-later AND LGPL-2.0-or-later WITH exceptions AND GPL-2.0-or-later
  license_family: GPL
  size: 1278712
  timestamp: 1765578681495
- conda: https://conda.anaconda.org/conda-forge/noarch/python_abi-3.14-8_cp314.conda
  build_number: 8
  sha256: ad6d2e9ac39751cc0529dd1566a26751a0bf2542adb0c232533d32e176e21db5
  md5: 0539938c55b6b1a59b560e843ad864a4
  constrains:
  - python 3.14.* *_cp314
  license: BSD-3-Clause
  license_family: BSD
  size: 6989
  timestamp: 1752805904792
- conda: https://conda.anaconda.org/conda-forge/noarch/sysroot_linux-64-2.28-h4ee821c_9.conda
  sha256: c47299fe37aebb0fcf674b3be588e67e4afb86225be4b0d452c7eb75c086b851
  md5: 13dc3adbc692664cd3beabd216434749
  depends:
  - __glibc >=2.28
  - kernel-headers_linux-64 4.18.0 he073ed8_9
  - tzdata
  license: LGPL-2.0-or-later AND LGPL-2.0-or-later WITH exceptions AND GPL-2.0-or-later
  license_family: GPL
  size: 24008591
  timestamp: 1765578833462
- conda: https://conda.anaconda.org/conda-forge/noarch/tzdata-2025c-hc9c84f9_1.conda
  sha256: 1d30098909076af33a35017eed6f2953af1c769e273a0626a04722ac4acaba3c
  md5: ad659d0a2b3e47e38d829aa8cad2d610
  license: LicenseRef-Public-Domain
  size: 119135
  timestamp: 1767016325805
